
Microsoft Visual Studio Solution File, Format Version 12.00
# Visual Studio Version 16
VisualStudioVersion = 16.0.29609.76
MinimumVisualStudioVersion = 10.0.40219.1
Project("{888888A0-9F3D-457C-B088-3A5042F75D52}") = "BilderVerwaltung", "BilderVerwaltung.pyproj", "{0845B932-264E-48A3-BC27-A63FCC298007}"
EndProject
Global
	GlobalSection(SolutionConfigurationPlatforms) = preSolution
		Debug|Any CPU = Debug|Any CPU
		Release|Any CPU = Release|Any CPU
	EndGlobalSection
	GlobalSection(ProjectConfigurationPlatforms) = postSolution
		{0845B932-264E-48A3-BC27-A63FCC298007}.Debug|Any CPU.ActiveCfg = Debug|Any CPU
		{0845B932-264E-48A3-BC27-A63FCC298007}.Release|Any CPU.ActiveCfg = Release|Any CPU
	EndGlobalSection
	GlobalSection(SolutionProperties) = preSolution
		HideSolutionNode = FALSE
	EndGlobalSection
	GlobalSection(ExtensibilityGlobals) = postSolution
		SolutionGuid = {A35EA7E8-F532-48E5-B60E-B189750B2674}
	EndGlobalSection
EndGlobal
